
Microsoft Visual Studio Solution File, Format Version 12.00
# Visual Studio 2015
Project("{FAE04EC0-301F-11D3-BF4B-00C04F79EFBC}") = "Evilmine.CSharp", "Evilmine.CSharp.csproj", "{282629E5-E5B0-3C4B-FBFC-AA3A518BC071}"
EndProject
Project("{FAE04EC0-301F-11D3-BF4B-00C04F79EFBC}") = "Evilmine.CSharp.Editor", "Evilmine.CSharp.Editor.csproj", "{90287A92-964D-1E99-3462-F66403F46830}"
EndProject
Global
	GlobalSection(SolutionConfigurationPlatforms) = preSolution
		Debug|Any CPU = Debug|Any CPU
		Release|Any CPU = Release|Any CPU
	EndGlobalSection
	GlobalSection(ProjectConfigurationPlatforms) = postSolution
		{282629E5-E5B0-3C4B-FBFC-AA3A518BC071}.Debug|Any CPU.ActiveCfg = Debug|Any CPU
		{282629E5-E5B0-3C4B-FBFC-AA3A518BC071}.Debug|Any CPU.Build.0 = Debug|Any CPU
		{282629E5-E5B0-3C4B-FBFC-AA3A518BC071}.Release|Any CPU.ActiveCfg = Release|Any CPU
		{282629E5-E5B0-3C4B-FBFC-AA3A518BC071}.Release|Any CPU.Build.0 = Release|Any CPU
		{90287A92-964D-1E99-3462-F66403F46830}.Debug|Any CPU.ActiveCfg = Debug|Any CPU
		{90287A92-964D-1E99-3462-F66403F46830}.Debug|Any CPU.Build.0 = Debug|Any CPU
		{90287A92-964D-1E99-3462-F66403F46830}.Release|Any CPU.ActiveCfg = Release|Any CPU
		{90287A92-964D-1E99-3462-F66403F46830}.Release|Any CPU.Build.0 = Release|Any CPU
	EndGlobalSection
	GlobalSection(SolutionProperties) = preSolution
		HideSolutionNode = FALSE
	EndGlobalSection
EndGlobal
